{
  "version": "3",
  "redirects": {
    "https://deno.land/std/testing/asserts.ts": "https://deno.land/std@0.170.0/testing/asserts.ts"
  },
  "remote": {
    "https://deno.land/std@0.170.0/fmt/colors.ts": "03ad95e543d2808bc43c17a3dd29d25b43d0f16287fe562a0be89bf632454a12",
    "https://deno.land/std@0.170.0/testing/_diff.ts": "a23e7fc2b4d8daa3e158fa06856bedf5334ce2a2831e8bf9e509717f455adb2c",
    "https://deno.land/std@0.170.0/testing/_format.ts": "cd11136e1797791045e639e9f0f4640d5b4166148796cad37e6ef75f7d7f3832",
    "https://deno.land/std@0.170.0/testing/asserts.ts": "51353e79437361d4b02d8e32f3fc83b22231bc8f8d4c841d86fd32b0b0afe940",
    "https://gitlab.com/jackmac92/deno-exec/-/raw/master/mod.ts": "84ea572ea44e4a5c7e91db00aaa1a80de91dc7819b070cb6f7cc53e4c4ccf628"
  },
  "workspace": {
    "packageJson": {
      "dependencies": [
        "npm:typescript-deno-plugin@^1.31.0"
      ]
    }
  }
}
